
Microsoft Visual Studio Solution File, Format Version 12.00
# Visual Studio Version 17
VisualStudioVersion = 17.4.33205.214
MinimumVisualStudioVersion = 10.0.40219.1
Project("{9A19103F-16F7-4668-BE54-9A1E7A4F7556}") = "DjayLanguage.Web", "DjayLanguage.Web\DjayLanguage.Web.csproj", "{C36E376D-E1CE-4EC4-B86E-C85EB645DA09}"
EndProject
Project("{9A19103F-16F7-4668-BE54-9A1E7A4F7556}") = "DjayLanguage.Integration.OpenAI", "DjayLanguage.Integration.OpenAI\DjayLanguage.Integration.OpenAI.csproj", "{0E878036-A592-4CDA-BD57-414B9683CC9A}"
EndProject
Project("{FAE04EC0-301F-11D3-BF4B-00C04F79EFBC}") = "DjayLanguage.Core.EntityFramework", "DjayLanguage.Core.EntityFramework\DjayLanguage.Core.EntityFramework.csproj", "{2B55E695-F963-4043-B1A7-AEB2C19926F8}"
EndProject
Project("{FAE04EC0-301F-11D3-BF4B-00C04F79EFBC}") = "DjayLanguage.Core", "DjayLanguage.Core\DjayLanguage.Core.csproj", "{A9B693AC-5996-4706-B46A-85924CADC516}"
EndProject
Project("{2150E333-8FDC-42A3-9474-1A3956D46DE8}") = "solution", "solution", "{B3936D10-D1C3-4B93-9B30-9778067F1F31}"
	ProjectSection(SolutionItems) = preProject
		README.md = README.md
	EndProjectSection
EndProject
Project("{FAE04EC0-301F-11D3-BF4B-00C04F79EFBC}") = "DjayLanguage.Administrator", "DjayLanguage.Administrator\DjayLanguage.Administrator.csproj", "{5D98B9CF-8FB9-442F-8DFB-DE198605234E}"
EndProject
Project("{FAE04EC0-301F-11D3-BF4B-00C04F79EFBC}") = "DjayLanguage.Core.ObjectModels", "DjayLanguage.Core.ObjectModels\DjayLanguage.Core.ObjectModels.csproj", "{2008BC12-01F9-4D64-92A0-8F8C79D55BC2}"
EndProject
Global
	GlobalSection(SolutionConfigurationPlatforms) = preSolution
		Debug|Any CPU = Debug|Any CPU
		Release|Any CPU = Release|Any CPU
	EndGlobalSection
	GlobalSection(ProjectConfigurationPlatforms) = postSolution
		{C36E376D-E1CE-4EC4-B86E-C85EB645DA09}.Debug|Any CPU.ActiveCfg = Debug|Any CPU
		{C36E376D-E1CE-4EC4-B86E-C85EB645DA09}.Debug|Any CPU.Build.0 = Debug|Any CPU
		{C36E376D-E1CE-4EC4-B86E-C85EB645DA09}.Release|Any CPU.ActiveCfg = Release|Any CPU
		{C36E376D-E1CE-4EC4-B86E-C85EB645DA09}.Release|Any CPU.Build.0 = Release|Any CPU
		{0E878036-A592-4CDA-BD57-414B9683CC9A}.Debug|Any CPU.ActiveCfg = Debug|Any CPU
		{0E878036-A592-4CDA-BD57-414B9683CC9A}.Debug|Any CPU.Build.0 = Debug|Any CPU
		{0E878036-A592-4CDA-BD57-414B9683CC9A}.Release|Any CPU.ActiveCfg = Release|Any CPU
		{0E878036-A592-4CDA-BD57-414B9683CC9A}.Release|Any CPU.Build.0 = Release|Any CPU
		{2B55E695-F963-4043-B1A7-AEB2C19926F8}.Debug|Any CPU.ActiveCfg = Debug|Any CPU
		{2B55E695-F963-4043-B1A7-AEB2C19926F8}.Debug|Any CPU.Build.0 = Debug|Any CPU
		{2B55E695-F963-4043-B1A7-AEB2C19926F8}.Release|Any CPU.ActiveCfg = Release|Any CPU
		{2B55E695-F963-4043-B1A7-AEB2C19926F8}.Release|Any CPU.Build.0 = Release|Any CPU
		{A9B693AC-5996-4706-B46A-85924CADC516}.Debug|Any CPU.ActiveCfg = Debug|Any CPU
		{A9B693AC-5996-4706-B46A-85924CADC516}.Debug|Any CPU.Build.0 = Debug|Any CPU
		{A9B693AC-5996-4706-B46A-85924CADC516}.Release|Any CPU.ActiveCfg = Release|Any CPU
		{A9B693AC-5996-4706-B46A-85924CADC516}.Release|Any CPU.Build.0 = Release|Any CPU
		{5D98B9CF-8FB9-442F-8DFB-DE198605234E}.Debug|Any CPU.ActiveCfg = Debug|Any CPU
		{5D98B9CF-8FB9-442F-8DFB-DE198605234E}.Debug|Any CPU.Build.0 = Debug|Any CPU
		{5D98B9CF-8FB9-442F-8DFB-DE198605234E}.Release|Any CPU.ActiveCfg = Release|Any CPU
		{5D98B9CF-8FB9-442F-8DFB-DE198605234E}.Release|Any CPU.Build.0 = Release|Any CPU
		{2008BC12-01F9-4D64-92A0-8F8C79D55BC2}.Debug|Any CPU.ActiveCfg = Debug|Any CPU
		{2008BC12-01F9-4D64-92A0-8F8C79D55BC2}.Debug|Any CPU.Build.0 = Debug|Any CPU
		{2008BC12-01F9-4D64-92A0-8F8C79D55BC2}.Release|Any CPU.ActiveCfg = Release|Any CPU
		{2008BC12-01F9-4D64-92A0-8F8C79D55BC2}.Release|Any CPU.Build.0 = Release|Any CPU
	EndGlobalSection
	GlobalSection(SolutionProperties) = preSolution
		HideSolutionNode = FALSE
	EndGlobalSection
	GlobalSection(ExtensibilityGlobals) = postSolution
		SolutionGuid = {EF85297F-E6F9-41BD-8A96-32F7C3E5CE69}
	EndGlobalSection
EndGlobal
