
Microsoft Visual Studio Solution File, Format Version 12.00
# Visual Studio Version 17
VisualStudioVersion = 17.4.33205.214
MinimumVisualStudioVersion = 10.0.40219.1
Project("{9A19103F-16F7-4668-BE54-9A1E7A4F7556}") = "DjayLanguage.Web", "DjayLanguage.Web\DjayLanguage.Web.csproj", "{C36E376D-E1CE-4EC4-B86E-C85EB645DA09}"
EndProject
Project("{FAE04EC0-301F-11D3-BF4B-00C04F79EFBC}") = "DjayLanguage.Integration.OpenAI", "DjayLanguage.Integration.OpenAI\DjayLanguage.Integration.OpenAI.csproj", "{0E878036-A592-4CDA-BD57-414B9683CC9A}"
EndProject
Global
	GlobalSection(SolutionConfigurationPlatforms) = preSolution
		Debug|Any CPU = Debug|Any CPU
		Release|Any CPU = Release|Any CPU
	EndGlobalSection
	GlobalSection(ProjectConfigurationPlatforms) = postSolution
		{C36E376D-E1CE-4EC4-B86E-C85EB645DA09}.Debug|Any CPU.ActiveCfg = Debug|Any CPU
		{C36E376D-E1CE-4EC4-B86E-C85EB645DA09}.Debug|Any CPU.Build.0 = Debug|Any CPU
		{C36E376D-E1CE-4EC4-B86E-C85EB645DA09}.Release|Any CPU.ActiveCfg = Release|Any CPU
		{C36E376D-E1CE-4EC4-B86E-C85EB645DA09}.Release|Any CPU.Build.0 = Release|Any CPU
		{0E878036-A592-4CDA-BD57-414B9683CC9A}.Debug|Any CPU.ActiveCfg = Debug|Any CPU
		{0E878036-A592-4CDA-BD57-414B9683CC9A}.Debug|Any CPU.Build.0 = Debug|Any CPU
		{0E878036-A592-4CDA-BD57-414B9683CC9A}.Release|Any CPU.ActiveCfg = Release|Any CPU
		{0E878036-A592-4CDA-BD57-414B9683CC9A}.Release|Any CPU.Build.0 = Release|Any CPU
	EndGlobalSection
	GlobalSection(SolutionProperties) = preSolution
		HideSolutionNode = FALSE
	EndGlobalSection
	GlobalSection(ExtensibilityGlobals) = postSolution
		SolutionGuid = {EF85297F-E6F9-41BD-8A96-32F7C3E5CE69}
	EndGlobalSection
EndGlobal
